<?xml version="1.0" encoding="utf-8"?>
<Project ToolsVersion="4.0" xmlns="http://schemas.microsoft.com/developer/msbuild/2003">
  <ItemGroup>
    <Filter Include="Source Files">
      <UniqueIdentifier>{4FC737F1-C7A5-4376-A066-2A32D752A2FF}</UniqueIdentifier>
      <Extensions>cpp;c;cc;cxx;c++;cppm;ixx;def;odl;idl;hpj;bat;asm;asmx</Extensions>
    </Filter>
    <Filter Include="Header Files">
      <UniqueIdentifier>{93995380-89BD-4b04-88EB-625FBE52EBFB}</UniqueIdentifier>
      <Extensions>h;hh;hpp;hxx;h++;hm;inl;inc;ipp;xsd</Extensions>
    </Filter>
    <Filter Include="Resource Files">
      <UniqueIdentifier>{67DA6AB6-F800-4c08-8B7A-83BB121AAD01}</UniqueIdentifier>
      <Extensions>rc;ico;cur;bmp;dlg;rc2;rct;bin;rgs;gif;jpg;jpeg;jpe;resx;tiff;tif;png;wav;mfcribbon-ms</Extensions>
    </Filter>
    <Filter Include="Source Files\Entity">
      <UniqueIdentifier>{5bb3ba72-394c-4ac8-b487-c8161dd4e901}</UniqueIdentifier>
    </Filter>
    <Filter Include="Source Files\Util">
      <UniqueIdentifier>{023cc8f4-f510-4f49-9825-084d1d06a377}</UniqueIdentifier>
    </Filter>
    <Filter Include="Header Files\Entity">
      <UniqueIdentifier>{5f9793fb-d6b4-4d90-8caa-ed5e74072914}</UniqueIdentifier>
    </Filter>
    <Filter Include="Header Files\Util">
      <UniqueIdentifier>{2c5eb197-1d69-4042-8fd8-4552c120d58d}</UniqueIdentifier>
    </Filter>
    <Filter Include="Header Files\Editor">
      <UniqueIdentifier>{bc2b1037-7e19-445e-b7bd-f32825c0fa76}</UniqueIdentifier>
    </Filter>
    <Filter Include="Source Files\Editor">
      <UniqueIdentifier>{798d89f2-4a82-4759-a521-0b701cf69ac9}</UniqueIdentifier>
    </Filter>
  </ItemGroup>
  <ItemGroup>
    <ClCompile Include="src\sfml.cpp">
      <Filter>Source Files</Filter>
    </ClCompile>
    <ClCompile Include="src\Entity\Character.cpp">
      <Filter>Source Files\Entity</Filter>
    </ClCompile>
    <ClCompile Include="src\Entity\Enemy.cpp">
      <Filter>Source Files\Entity</Filter>
    </ClCompile>
    <ClCompile Include="src\Entity\Player.cpp">
      <Filter>Source Files\Entity</Filter>
    </ClCompile>
    <ClCompile Include="src\Entity\Bullet.cpp">
      <Filter>Source Files\Entity</Filter>
    </ClCompile>
    <ClCompile Include="src\Util\Keybind.cpp">
      <Filter>Source Files\Util</Filter>
    </ClCompile>
    <ClCompile Include="src\Util\Path.cpp">
      <Filter>Source Files\Util</Filter>
    </ClCompile>
    <ClCompile Include="src\Util\BulletPattern.cpp">
      <Filter>Source Files</Filter>
    </ClCompile>
    <ClCompile Include="src\Editor\Timeline.cpp">
      <Filter>Source Files\Editor</Filter>
    </ClCompile>
    <ClCompile Include="src\Editor\Tool.cpp">
      <Filter>Source Files\Editor</Filter>
    </ClCompile>
    <ClCompile Include="src\Editor\Pather.cpp">
      <Filter>Source Files\Editor</Filter>
    </ClCompile>
  </ItemGroup>
  <ItemGroup>
    <ClInclude Include="src\Entity\Bullet.h">
      <Filter>Header Files\Entity</Filter>
    </ClInclude>
    <ClInclude Include="src\Entity\Character.h">
      <Filter>Header Files\Entity</Filter>
    </ClInclude>
    <ClInclude Include="src\Entity\Enemy.h">
      <Filter>Header Files\Entity</Filter>
    </ClInclude>
    <ClInclude Include="src\Entity\Player.h">
      <Filter>Header Files\Entity</Filter>
    </ClInclude>
    <ClInclude Include="src\Util\Keybind.h">
      <Filter>Header Files\Util</Filter>
    </ClInclude>
    <ClInclude Include="src\Util\Path.h">
      <Filter>Header Files\Util</Filter>
    </ClInclude>
    <ClInclude Include="src\Util\BulletPattern.h">
      <Filter>Header Files</Filter>
    </ClInclude>
    <ClInclude Include="src\Editor\Timeline.h">
      <Filter>Header Files\Editor</Filter>
    </ClInclude>
    <ClInclude Include="src\Editor\Tool.h">
      <Filter>Header Files\Editor</Filter>
    </ClInclude>
    <ClInclude Include="src\Editor\Pather.h">
      <Filter>Header Files\Editor</Filter>
    </ClInclude>
  </ItemGroup>
</Project>